
Microsoft Visual Studio Solution File, Format Version 12.00
# Visual Studio Version 17
VisualStudioVersion = 17.7.34018.315
MinimumVisualStudioVersion = 10.0.40219.1
Project("{FAE04EC0-301F-11D3-BF4B-00C04F79EFBC}") = "Encapsulation_28", "Encapsulation_28\Encapsulation_28.csproj", "{D7797E9B-0128-43D2-B63F-156F090F5B9C}"
EndProject
Global
	GlobalSection(SolutionConfigurationPlatforms) = preSolution
		Debug|Any CPU = Debug|Any CPU
		Release|Any CPU = Release|Any CPU
	EndGlobalSection
	GlobalSection(ProjectConfigurationPlatforms) = postSolution
		{D7797E9B-0128-43D2-B63F-156F090F5B9C}.Debug|Any CPU.ActiveCfg = Debug|Any CPU
		{D7797E9B-0128-43D2-B63F-156F090F5B9C}.Debug|Any CPU.Build.0 = Debug|Any CPU
		{D7797E9B-0128-43D2-B63F-156F090F5B9C}.Release|Any CPU.ActiveCfg = Release|Any CPU
		{D7797E9B-0128-43D2-B63F-156F090F5B9C}.Release|Any CPU.Build.0 = Release|Any CPU
	EndGlobalSection
	GlobalSection(SolutionProperties) = preSolution
		HideSolutionNode = FALSE
	EndGlobalSection
	GlobalSection(ExtensibilityGlobals) = postSolution
		SolutionGuid = {CAAB53DF-0D14-45C7-B1C0-BE21909A0D9D}
	EndGlobalSection
EndGlobal
