
Microsoft Visual Studio Solution File, Format Version 12.00
# Visual Studio Version 17
VisualStudioVersion = 17.7.34018.315
MinimumVisualStudioVersion = 10.0.40219.1
Project("{FAE04EC0-301F-11D3-BF4B-00C04F79EFBC}") = "Constructor_Overloading_22", "Constructor_Overloading_22\Constructor_Overloading_22.csproj", "{98A8EDE3-6B23-4067-8931-B846FAD6C7CA}"
EndProject
Global
	GlobalSection(SolutionConfigurationPlatforms) = preSolution
		Debug|Any CPU = Debug|Any CPU
		Release|Any CPU = Release|Any CPU
	EndGlobalSection
	GlobalSection(ProjectConfigurationPlatforms) = postSolution
		{98A8EDE3-6B23-4067-8931-B846FAD6C7CA}.Debug|Any CPU.ActiveCfg = Debug|Any CPU
		{98A8EDE3-6B23-4067-8931-B846FAD6C7CA}.Debug|Any CPU.Build.0 = Debug|Any CPU
		{98A8EDE3-6B23-4067-8931-B846FAD6C7CA}.Release|Any CPU.ActiveCfg = Release|Any CPU
		{98A8EDE3-6B23-4067-8931-B846FAD6C7CA}.Release|Any CPU.Build.0 = Release|Any CPU
	EndGlobalSection
	GlobalSection(SolutionProperties) = preSolution
		HideSolutionNode = FALSE
	EndGlobalSection
	GlobalSection(ExtensibilityGlobals) = postSolution
		SolutionGuid = {E7681F60-47E7-437D-8455-E9156789DF31}
	EndGlobalSection
EndGlobal
